
Microsoft Visual Studio Solution File, Format Version 12.00
# Visual Studio 15
VisualStudioVersion = 15.0.27130.2036
MinimumVisualStudioVersion = 10.0.40219.1
Project("{FAE04EC0-301F-11D3-BF4B-00C04F79EFBC}") = "Fractal", "Fractal\Fractal.csproj", "{BA1F6EE0-E234-40C0-A808-4E9BEFC27F47}"
EndProject
Global
	GlobalSection(SolutionConfigurationPlatforms) = preSolution
		Debug|Any CPU = Debug|Any CPU
		Release|Any CPU = Release|Any CPU
	EndGlobalSection
	GlobalSection(ProjectConfigurationPlatforms) = postSolution
		{BA1F6EE0-E234-40C0-A808-4E9BEFC27F47}.Debug|Any CPU.ActiveCfg = Debug|Any CPU
		{BA1F6EE0-E234-40C0-A808-4E9BEFC27F47}.Debug|Any CPU.Build.0 = Debug|Any CPU
		{BA1F6EE0-E234-40C0-A808-4E9BEFC27F47}.Release|Any CPU.ActiveCfg = Release|Any CPU
		{BA1F6EE0-E234-40C0-A808-4E9BEFC27F47}.Release|Any CPU.Build.0 = Release|Any CPU
	EndGlobalSection
	GlobalSection(SolutionProperties) = preSolution
		HideSolutionNode = FALSE
	EndGlobalSection
	GlobalSection(ExtensibilityGlobals) = postSolution
		SolutionGuid = {447FCF80-FBC7-462B-A536-ED694D6DC170}
	EndGlobalSection
EndGlobal
